// !$*UTF8*$!
{
	archiveVersion = 1;
	classes = {
	};
	objectVersion = 50;
	objects = {

/* Begin PBXBuildFile section */
		083DB7F425E65FB300D1642D /* AppDelegate.m in Sources */ = {isa = PBXBuildFile; fileRef = 083DB7F325E65FB300D1642D /* AppDelegate.m */; };
		083DB7F725E65FB300D1642D /* SceneDelegate.m in Sources */ = {isa = PBXBuildFile; fileRef = 083DB7F625E65FB300D1642D /* SceneDelegate.m */; };
		083DB7FA25E65FB300D1642D /* ViewController.m in Sources */ = {isa = PBXBuildFile; fileRef = 083DB7F925E65FB300D1642D /* ViewController.m */; };
		083DB7FD25E65FB300D1642D /* Main.storyboard in Resources */ = {isa = PBXBuildFile; fileRef = 083DB7FB25E65FB300D1642D /* Main.storyboard */; };
		083DB7FF25E65FB500D1642D /* Assets.xcassets in Resources */ = {isa = PBXBuildFile; fileRef = 083DB7FE25E65FB500D1642D /* Assets.xcassets */; };
		083DB80225E65FB500D1642D /* LaunchScreen.storyboard in Resources */ = {isa = PBXBuildFile; fileRef = 083DB80025E65FB500D1642D /* LaunchScreen.storyboard */; };
		083DB80525E65FB500D1642D /* main.m in Sources */ = {isa = PBXBuildFile; fileRef = 083DB80425E65FB500D1642D /* main.m */; };
		08E5CC3525E78D8100237467 /* MsgForwardTest.m in Sources */ = {isa = PBXBuildFile; fileRef = 08E5CC3425E78D8100237467 /* MsgForwardTest.m */; };
/* End PBXBuildFile section */

/* Begin PBXFileReference section */
		083DB7EF25E65FB300D1642D /* HeapSortTest.app */ = {isa = PBXFileReference; explicitFileType = wrapper.application; includeInIndex = 0; path = HeapSortTest.app; sourceTree = BUILT_PRODUCTS_DIR; };
		083DB7F225E65FB300D1642D /* AppDelegate.h */ = {isa = PBXFileReference; lastKnownFileType = sourcecode.c.h; path = AppDelegate.h; sourceTree = "<group>"; };
		083DB7F325E65FB300D1642D /* AppDelegate.m */ = {isa = PBXFileReference; lastKnownFileType = sourcecode.c.objc; path = AppDelegate.m; sourceTree = "<group>"; };
		083DB7F525E65FB300D1642D /* SceneDelegate.h */ = {isa = PBXFileReference; lastKnownFileType = sourcecode.c.h; path = SceneDelegate.h; sourceTree = "<group>"; };
		083DB7F625E65FB300D1642D /* SceneDelegate.m */ = {isa = PBXFileReference; lastKnownFileType = sourcecode.c.objc; path = SceneDelegate.m; sourceTree = "<group>"; };
		083DB7F825E65FB300D1642D /* ViewController.h */ = {isa = PBXFileReference; lastKnownFileType = sourcecode.c.h; path = ViewController.h; sourceTree = "<group>"; };
		083DB7F925E65FB300D1642D /* ViewController.m */ = {isa = PBXFileReference; lastKnownFileType = sourcecode.c.objc; path = ViewController.m; sourceTree = "<group>"; };
		083DB7FC25E65FB300D1642D /* Base */ = {isa = PBXFileReference; lastKnownFileType = file.storyboard; name = Base; path = Base.lproj/Main.storyboard; sourceTree = "<group>"; };
		083DB7FE25E65FB500D1642D /* Assets.xcassets */ = {isa = PBXFileReference; lastKnownFileType = folder.assetcatalog; path = Assets.xcassets; sourceTree = "<group>"; };
		083DB80125E65FB500D1642D /* Base */ = {isa = PBXFileReference; lastKnownFileType = file.storyboard; name = Base; path = Base.lproj/LaunchScreen.storyboard; sourceTree = "<group>"; };
		083DB80325E65FB500D1642D /* Info.plist */ = {isa = PBXFileReference; lastKnownFileType = text.plist.xml; path = Info.plist; sourceTree = "<group>"; };
		083DB80425E65FB500D1642D /* main.m */ = {isa = PBXFileReference; lastKnownFileType = sourcecode.c.objc; path = main.m; sourceTree = "<group>"; };
		08E5CC3325E78D8100237467 /* MsgForwardTest.h */ = {isa = PBXFileReference; lastKnownFileType = sourcecode.c.h; path = MsgForwardTest.h; sourceTree = "<group>"; };
		08E5CC3425E78D8100237467 /* MsgForwardTest.m */ = {isa = PBXFileReference; lastKnownFileType = sourcecode.c.objc; path = MsgForwardTest.m; sourceTree = "<group>"; };
/* End PBXFileReference section */

/* Begin PBXFrameworksBuildPhase section */
		083DB7EC25E65FB200D1642D /* Frameworks */ = {
			isa = PBXFrameworksBuildPhase;
			buildActionMask = 2147483647;
			files = (
			);
			runOnlyForDeploymentPostprocessing = 0;
		};
/* End PBXFrameworksBuildPhase section */

/* Begin PBXGroup section */
		083DB7E625E65FB200D1642D = {
			isa = PBXGroup;
			children = (
				083DB7F125E65FB300D1642D /* HeapSortTest */,
				083DB7F025E65FB300D1642D /* Products */,
			);
			sourceTree = "<group>";
		};
		083DB7F025E65FB300D1642D /* Products */ = {
			isa = PBXGroup;
			children = (
				083DB7EF25E65FB300D1642D /* HeapSortTest.app */,
			);
			name = Products;
			sourceTree = "<group>";
		};
		083DB7F125E65FB300D1642D /* HeapSortTest */ = {
			isa = PBXGroup;
			children = (
				083DB7F225E65FB300D1642D /* AppDelegate.h */,
				083DB7F325E65FB300D1642D /* AppDelegate.m */,
				083DB7F525E65FB300D1642D /* SceneDelegate.h */,
				083DB7F625E65FB300D1642D /* SceneDelegate.m */,
				083DB7F825E65FB300D1642D /* ViewController.h */,
				083DB7F925E65FB300D1642D /* ViewController.m */,
				08E5CC3325E78D8100237467 /* MsgForwardTest.h */,
				08E5CC3425E78D8100237467 /* MsgForwardTest.m */,
				083DB7FB25E65FB300D1642D /* Main.storyboard */,
				083DB7FE25E65FB500D1642D /* Assets.xcassets */,
				083DB80025E65FB500D1642D /* LaunchScreen.storyboard */,
				083DB80325E65FB500D1642D /* Info.plist */,
				083DB80425E65FB500D1642D /* main.m */,
			);
			path = HeapSortTest;
			sourceTree = "<group>";
		};
/* End PBXGroup section */

/* Begin PBXNativeTarget section */
		083DB7EE25E65FB200D1642D /* HeapSortTest */ = {
			isa = PBXNativeTarget;
			buildConfigurationList = 083DB80825E65FB500D1642D /* Build configuration list for PBXNativeTarget "HeapSortTest" */;
			buildPhases = (
				083DB7EB25E65FB200D1642D /* Sources */,
				083DB7EC25E65FB200D1642D /* Frameworks */,
				083DB7ED25E65FB200D1642D /* Resources */,
			);
			buildRules = (
			);
			dependencies = (
			);
			name = HeapSortTest;
			productName = HeapSortTest;
			productReference = 083DB7EF25E65FB300D1642D /* HeapSortTest.app */;
			productType = "com.apple.product-type.application";
		};
/* End PBXNativeTarget section */

/* Begin PBXProject section */
		083DB7E725E65FB200D1642D /* Project object */ = {
			isa = PBXProject;
			attributes = {
				LastUpgradeCheck = 1130;
				ORGANIZATIONNAME = wangxiaoman;
				TargetAttributes = {
					083DB7EE25E65FB200D1642D = {
						CreatedOnToolsVersion = 11.3.1;
					};
				};
			};
			buildConfigurationList = 083DB7EA25E65FB200D1642D /* Build configuration list for PBXProject "HeapSortTest" */;
			compatibilityVersion = "Xcode 9.3";
			developmentRegion = en;
			hasScannedForEncodings = 0;
			knownRegions = (
				en,
				Base,
			);
			mainGroup = 083DB7E625E65FB200D1642D;
			productRefGroup = 083DB7F025E65FB300D1642D /* Products */;
			projectDirPath = "";
			projectRoot = "";
			targets = (
				083DB7EE25E65FB200D1642D /* HeapSortTest */,
			);
		};
/* End PBXProject section */

/* Begin PBXResourcesBuildPhase section */
		083DB7ED25E65FB200D1642D /* Resources */ = {
			isa = PBXResourcesBuildPhase;
			buildActionMask = 2147483647;
			files = (
				083DB80225E65FB500D1642D /* LaunchScreen.storyboard in Resources */,
				083DB7FF25E65FB500D1642D /* Assets.xcassets in Resources */,
				083DB7FD25E65FB300D1642D /* Main.storyboard in Resources */,
			);
			runOnlyForDeploymentPostprocessing = 0;
		};
/* End PBXResourcesBuildPhase section */

/* Begin PBXSourcesBuildPhase section */
		083DB7EB25E65FB200D1642D /* Sources */ = {
			isa = PBXSourcesBuildPhase;
			buildActionMask = 2147483647;
			files = (
				083DB7FA25E65FB300D1642D /* ViewController.m in Sources */,
				083DB7F425E65FB300D1642D /* AppDelegate.m in Sources */,
				083DB80525E65FB500D1642D /* main.m in Sources */,
				08E5CC3525E78D8100237467 /* MsgForwardTest.m in Sources */,
				083DB7F725E65FB300D1642D /* SceneDelegate.m in Sources */,
			);
			runOnlyForDeploymentPostprocessing = 0;
		};
/* End PBXSourcesBuildPhase section */

/* Begin PBXVariantGroup section */
		083DB7FB25E65FB300D1642D /* Main.storyboard */ = {
			isa = PBXVariantGroup;
			children = (
				083DB7FC25E65FB300D1642D /* Base */,
			);
			name = Main.storyboard;
			sourceTree = "<group>";
		};
		083DB80025E65FB500D1642D /* LaunchScreen.storyboard */ = {
			isa = PBXVariantGroup;
			children = (
				083DB80125E65FB500D1642D /* Base */,
			);
			name = LaunchScreen.storyboard;
			sourceTree = "<group>";
		};
/* End PBXVariantGroup section */

/* Begin XCBuildConfiguration section */
		083DB80625E65FB500D1642D /* Debug */ = {
			isa = XCBuildConfiguration;
			buildSettings = {
				ALWAYS_SEARCH_USER_PATHS = NO;
				CLANG_ANALYZER_NONNULL = YES;
				CLANG_ANALYZER_NUMBER_OBJECT_CONVERSION = YES_AGGRESSIVE;
				CLANG_CXX_LANGUAGE_STANDARD = "gnu++14";
				CLANG_CXX_LIBRARY = "libc++";
				CLANG_ENABLE_MODULES = YES;
				CLANG_ENABLE_OBJC_ARC = YES;
				CLANG_ENABLE_OBJC_WEAK = YES;
				CLANG_WARN_BLOCK_CAPTURE_AUTORELEASING = YES;
				CLANG_WARN_BOOL_CONVERSION = YES;
				CLANG_WARN_COMMA = YES;
				CLANG_WARN_CONSTANT_CONVERSION = YES;
				CLANG_WARN_DEPRECATED_OBJC_IMPLEMENTATIONS = YES;
				CLANG_WARN_DIRECT_OBJC_ISA_USAGE = YES_ERROR;
				CLANG_WARN_DOCUMENTATION_COMMENTS = YES;
				CLANG_WARN_EMPTY_BODY = YES;
				CLANG_WARN_ENUM_CONVERSION = YES;
				CLANG_WARN_INFINITE_RECURSION = YES;
				CLANG_WARN_INT_CONVERSION = YES;
				CLANG_WARN_NON_LITERAL_NULL_CONVERSION = YES;
				CLANG_WARN_OBJC_IMPLICIT_RETAIN_SELF = YES;
				CLANG_WARN_OBJC_LITERAL_CONVERSION = YES;
				CLANG_WARN_OBJC_ROOT_CLASS = YES_ERROR;
				CLANG_WARN_RANGE_LOOP_ANALYSIS = YES;
				CLANG_WARN_STRICT_PROTOTYPES = YES;
				CLANG_WARN_SUSPICIOUS_MOVE = YES;
				CLANG_WARN_UNGUARDED_AVAILABILITY = YES_AGGRESSIVE;
				CLANG_WARN_UNREACHABLE_CODE = YES;
				CLANG_WARN__DUPLICATE_METHOD_MATCH = YES;
				COPY_PHASE_STRIP = NO;
				DEBUG_INFORMATION_FORMAT = dwarf;
				ENABLE_STRICT_OBJC_MSGSEND = YES;
				ENABLE_TESTABILITY = YES;
				GCC_C_LANGUAGE_STANDARD = gnu11;
				GCC_DYNAMIC_NO_PIC = NO;
				GCC_NO_COMMON_BLOCKS = YES;
				GCC_OPTIMIZATION_LEVEL = 0;
				GCC_PREPROCESSOR_DEFINITIONS = (
					"DEBUG=1",
					"$(inherited)",
				);
				GCC_WARN_64_TO_32_BIT_CONVERSION = YES;
				GCC_WARN_ABOUT_RETURN_TYPE = YES_ERROR;
				GCC_WARN_UNDECLARED_SELECTOR = YES;
				GCC_WARN_UNINITIALIZED_AUTOS = YES_AGGRESSIVE;
				GCC_WARN_UNUSED_FUNCTION = YES;
				GCC_WARN_UNUSED_VARIABLE = YES;
				IPHONEOS_DEPLOYMENT_TARGET = 13.2;
				MTL_ENABLE_DEBUG_INFO = INCLUDE_SOURCE;
				MTL_FAST_MATH = YES;
				ONLY_ACTIVE_ARCH = YES;
				SDKROOT = iphoneos;
			};
			name = Debug;
		};
		083DB80725E65FB500D1642D /* Release */ = {
			isa = XCBuildConfiguration;
			buildSettings = {
				ALWAYS_SEARCH_USER_PATHS = NO;
				CLANG_ANALYZER_NONNULL = YES;
				CLANG_ANALYZER_NUMBER_OBJECT_CONVERSION = YES_AGGRESSIVE;
				CLANG_CXX_LANGUAGE_STANDARD = "gnu++14";
				CLANG_CXX_LIBRARY = "libc++";
				CLANG_ENABLE_MODULES = YES;
				CLANG_ENABLE_OBJC_ARC = YES;
				CLANG_ENABLE_OBJC_WEAK = YES;
				CLANG_WARN_BLOCK_CAPTURE_AUTORELEASING = YES;
				CLANG_WARN_BOOL_CONVERSION = YES;
				CLANG_WARN_COMMA = YES;
				CLANG_WARN_CONSTANT_CONVERSION = YES;
				CLANG_WARN_DEPRECATED_OBJC_IMPLEMENTATIONS = YES;
				CLANG_WARN_DIRECT_OBJC_ISA_USAGE = YES_ERROR;
				CLANG_WARN_DOCUMENTATION_COMMENTS = YES;
				CLANG_WARN_EMPTY_BODY = YES;
				CLANG_WARN_ENUM_CONVERSION = YES;
				CLANG_WARN_INFINITE_RECURSION = YES;
				CLANG_WARN_INT_CONVERSION = YES;
				CLANG_WARN_NON_LITERAL_NULL_CONVERSION = YES;
				CLANG_WARN_OBJC_IMPLICIT_RETAIN_SELF = YES;
				CLANG_WARN_OBJC_LITERAL_CONVERSION = YES;
				CLANG_WARN_OBJC_ROOT_CLASS = YES_ERROR;
				CLANG_WARN_RANGE_LOOP_ANALYSIS = YES;
				CLANG_WARN_STRICT_PROTOTYPES = YES;
				CLANG_WARN_SUSPICIOUS_MOVE = YES;
				CLANG_WARN_UNGUARDED_AVAILABILITY = YES_AGGRESSIVE;
				CLANG_WARN_UNREACHABLE_CODE = YES;
				CLANG_WARN__DUPLICATE_METHOD_MATCH = YES;
				COPY_PHASE_STRIP = NO;
				DEBUG_INFORMATION_FORMAT = "dwarf-with-dsym";
				ENABLE_NS_ASSERTIONS = NO;
				ENABLE_STRICT_OBJC_MSGSEND = YES;
				GCC_C_LANGUAGE_STANDARD = gnu11;
				GCC_NO_COMMON_BLOCKS = YES;
				GCC_WARN_64_TO_32_BIT_CONVERSION = YES;
				GCC_WARN_ABOUT_RETURN_TYPE = YES_ERROR;
				GCC_WARN_UNDECLARED_SELECTOR = YES;
				GCC_WARN_UNINITIALIZED_AUTOS = YES_AGGRESSIVE;
				GCC_WARN_UNUSED_FUNCTION = YES;
				GCC_WARN_UNUSED_VARIABLE = YES;
				IPHONEOS_DEPLOYMENT_TARGET = 13.2;
				MTL_ENABLE_DEBUG_INFO = NO;
				MTL_FAST_MATH = YES;
				SDKROOT = iphoneos;
				VALIDATE_PRODUCT = YES;
			};
			name = Release;
		};
		083DB80925E65FB500D1642D /* Debug */ = {
			isa = XCBuildConfiguration;
			buildSettings = {
				ASSETCATALOG_COMPILER_APPICON_NAME = AppIcon;
				CODE_SIGN_STYLE = Automatic;
				INFOPLIST_FILE = HeapSortTest/Info.plist;
				LD_RUNPATH_SEARCH_PATHS = (
					"$(inherited)",
					"@executable_path/Frameworks",
				);
				PRODUCT_BUNDLE_IDENTIFIER = com.wxm.HeapSortTest;
				PRODUCT_NAME = "$(TARGET_NAME)";
				TARGETED_DEVICE_FAMILY = "1,2";
			};
			name = Debug;
		};
		083DB80A25E65FB500D1642D /* Release */ = {
			isa = XCBuildConfiguration;
			buildSettings = {
				ASSETCATALOG_COMPILER_APPICON_NAME = AppIcon;
				CODE_SIGN_STYLE = Automatic;
				INFOPLIST_FILE = HeapSortTest/Info.plist;
				LD_RUNPATH_SEARCH_PATHS = (
					"$(inherited)",
					"@executable_path/Frameworks",
				);
				PRODUCT_BUNDLE_IDENTIFIER = com.wxm.HeapSortTest;
				PRODUCT_NAME = "$(TARGET_NAME)";
				TARGETED_DEVICE_FAMILY = "1,2";
			};
			name = Release;
		};
/* End XCBuildConfiguration section */

/* Begin XCConfigurationList section */
		083DB7EA25E65FB200D1642D /* Build configuration list for PBXProject "HeapSortTest" */ = {
			isa = XCConfigurationList;
			buildConfigurations = (
				083DB80625E65FB500D1642D /* Debug */,
				083DB80725E65FB500D1642D /* Release */,
			);
			defaultConfigurationIsVisible = 0;
			defaultConfigurationName = Release;
		};
		083DB80825E65FB500D1642D /* Build configuration list for PBXNativeTarget "HeapSortTest" */ = {
			isa = XCConfigurationList;
			buildConfigurations = (
				083DB80925E65FB500D1642D /* Debug */,
				083DB80A25E65FB500D1642D /* Release */,
			);
			defaultConfigurationIsVisible = 0;
			defaultConfigurationName = Release;
		};
/* End XCConfigurationList section */
	};
	rootObject = 083DB7E725E65FB200D1642D /* Project object */;
}
